
Microsoft Visual Studio Solution File, Format Version 12.00
# Visual Studio Version 17
VisualStudioVersion = 17.0.32014.148
MinimumVisualStudioVersion = 10.0.40219.1
Project("{FAE04EC0-301F-11D3-BF4B-00C04F79EFBC}") = "Ex05_pag08", "Ex05_pag08\Ex05_pag08.csproj", "{7B3039D1-26F5-4377-94D9-6E3AEC412209}"
EndProject
Global
	GlobalSection(SolutionConfigurationPlatforms) = preSolution
		Debug|Any CPU = Debug|Any CPU
		Release|Any CPU = Release|Any CPU
	EndGlobalSection
	GlobalSection(ProjectConfigurationPlatforms) = postSolution
		{7B3039D1-26F5-4377-94D9-6E3AEC412209}.Debug|Any CPU.ActiveCfg = Debug|Any CPU
		{7B3039D1-26F5-4377-94D9-6E3AEC412209}.Debug|Any CPU.Build.0 = Debug|Any CPU
		{7B3039D1-26F5-4377-94D9-6E3AEC412209}.Release|Any CPU.ActiveCfg = Release|Any CPU
		{7B3039D1-26F5-4377-94D9-6E3AEC412209}.Release|Any CPU.Build.0 = Release|Any CPU
	EndGlobalSection
	GlobalSection(SolutionProperties) = preSolution
		HideSolutionNode = FALSE
	EndGlobalSection
	GlobalSection(ExtensibilityGlobals) = postSolution
		SolutionGuid = {FC35B372-CAC1-44C4-9C7A-1826F1FEDB88}
	EndGlobalSection
EndGlobal
