
Microsoft Visual Studio Solution File, Format Version 12.00
# Visual Studio Version 17
VisualStudioVersion = 17.0.32014.148
MinimumVisualStudioVersion = 10.0.40219.1
Project("{FAE04EC0-301F-11D3-BF4B-00C04F79EFBC}") = "SALARIO", "SALARIO\SALARIO.csproj", "{FA2349F5-1DDA-4CDD-A50D-1A7FB45822C6}"
EndProject
Global
	GlobalSection(SolutionConfigurationPlatforms) = preSolution
		Debug|Any CPU = Debug|Any CPU
		Release|Any CPU = Release|Any CPU
	EndGlobalSection
	GlobalSection(ProjectConfigurationPlatforms) = postSolution
		{FA2349F5-1DDA-4CDD-A50D-1A7FB45822C6}.Debug|Any CPU.ActiveCfg = Debug|Any CPU
		{FA2349F5-1DDA-4CDD-A50D-1A7FB45822C6}.Debug|Any CPU.Build.0 = Debug|Any CPU
		{FA2349F5-1DDA-4CDD-A50D-1A7FB45822C6}.Release|Any CPU.ActiveCfg = Release|Any CPU
		{FA2349F5-1DDA-4CDD-A50D-1A7FB45822C6}.Release|Any CPU.Build.0 = Release|Any CPU
	EndGlobalSection
	GlobalSection(SolutionProperties) = preSolution
		HideSolutionNode = FALSE
	EndGlobalSection
	GlobalSection(ExtensibilityGlobals) = postSolution
		SolutionGuid = {3BBDBE1C-0B11-4013-80ED-685E2C9D89C2}
	EndGlobalSection
EndGlobal
