
Microsoft Visual Studio Solution File, Format Version 12.00
# Visual Studio Version 17
VisualStudioVersion = 17.0.32014.148
MinimumVisualStudioVersion = 10.0.40219.1
Project("{FAE04EC0-301F-11D3-BF4B-00C04F79EFBC}") = "Ex01Pag08", "Ex01Pag08\Ex01Pag08.csproj", "{BFC92429-DE40-416F-BE41-7105B916552E}"
EndProject
Global
	GlobalSection(SolutionConfigurationPlatforms) = preSolution
		Debug|Any CPU = Debug|Any CPU
		Release|Any CPU = Release|Any CPU
	EndGlobalSection
	GlobalSection(ProjectConfigurationPlatforms) = postSolution
		{BFC92429-DE40-416F-BE41-7105B916552E}.Debug|Any CPU.ActiveCfg = Debug|Any CPU
		{BFC92429-DE40-416F-BE41-7105B916552E}.Debug|Any CPU.Build.0 = Debug|Any CPU
		{BFC92429-DE40-416F-BE41-7105B916552E}.Release|Any CPU.ActiveCfg = Release|Any CPU
		{BFC92429-DE40-416F-BE41-7105B916552E}.Release|Any CPU.Build.0 = Release|Any CPU
	EndGlobalSection
	GlobalSection(SolutionProperties) = preSolution
		HideSolutionNode = FALSE
	EndGlobalSection
	GlobalSection(ExtensibilityGlobals) = postSolution
		SolutionGuid = {5D86CDB6-8027-48B3-BACE-E487998CD0DD}
	EndGlobalSection
EndGlobal
