
Microsoft Visual Studio Solution File, Format Version 12.00
# Visual Studio Version 17
VisualStudioVersion = 17.0.32014.148
MinimumVisualStudioVersion = 10.0.40219.1
Project("{FAE04EC0-301F-11D3-BF4B-00C04F79EFBC}") = "MEDIA", "MEDIA\MEDIA.csproj", "{7D1CA096-B03C-428A-9B61-185324CC7154}"
EndProject
Global
	GlobalSection(SolutionConfigurationPlatforms) = preSolution
		Debug|Any CPU = Debug|Any CPU
		Release|Any CPU = Release|Any CPU
	EndGlobalSection
	GlobalSection(ProjectConfigurationPlatforms) = postSolution
		{7D1CA096-B03C-428A-9B61-185324CC7154}.Debug|Any CPU.ActiveCfg = Debug|Any CPU
		{7D1CA096-B03C-428A-9B61-185324CC7154}.Debug|Any CPU.Build.0 = Debug|Any CPU
		{7D1CA096-B03C-428A-9B61-185324CC7154}.Release|Any CPU.ActiveCfg = Release|Any CPU
		{7D1CA096-B03C-428A-9B61-185324CC7154}.Release|Any CPU.Build.0 = Release|Any CPU
	EndGlobalSection
	GlobalSection(SolutionProperties) = preSolution
		HideSolutionNode = FALSE
	EndGlobalSection
	GlobalSection(ExtensibilityGlobals) = postSolution
		SolutionGuid = {F72A4D61-E678-49E7-BFD7-E3D55D87AF70}
	EndGlobalSection
EndGlobal
